
Microsoft Visual Studio Solution File, Format Version 12.00
# Visual Studio Version 16
VisualStudioVersion = 16.0.31702.278
MinimumVisualStudioVersion = 10.0.40219.1
Project("{FAE04EC0-301F-11D3-BF4B-00C04F79EFBC}") = "Klavye ve mouse bot", "Klavye ve mouse bot\Klavye ve mouse bot.csproj", "{435A9F00-6DFF-417D-BD70-A3C907351C33}"
EndProject
Global
	GlobalSection(SolutionConfigurationPlatforms) = preSolution
		Debug|Any CPU = Debug|Any CPU
		Release|Any CPU = Release|Any CPU
	EndGlobalSection
	GlobalSection(ProjectConfigurationPlatforms) = postSolution
		{435A9F00-6DFF-417D-BD70-A3C907351C33}.Debug|Any CPU.ActiveCfg = Debug|Any CPU
		{435A9F00-6DFF-417D-BD70-A3C907351C33}.Debug|Any CPU.Build.0 = Debug|Any CPU
		{435A9F00-6DFF-417D-BD70-A3C907351C33}.Release|Any CPU.ActiveCfg = Release|Any CPU
		{435A9F00-6DFF-417D-BD70-A3C907351C33}.Release|Any CPU.Build.0 = Release|Any CPU
	EndGlobalSection
	GlobalSection(SolutionProperties) = preSolution
		HideSolutionNode = FALSE
	EndGlobalSection
	GlobalSection(ExtensibilityGlobals) = postSolution
		SolutionGuid = {68C3885F-D548-4E6D-91DB-E40DC20514EC}
	EndGlobalSection
EndGlobal
